
Microsoft Visual Studio Solution File, Format Version 12.00
# Visual Studio Version 17
VisualStudioVersion = 17.9.34728.123
MinimumVisualStudioVersion = 10.0.40219.1
Project("{9A19103F-16F7-4668-BE54-9A1E7A4F7556}") = "coinbase_order_tester", "coinbase_order_tester\coinbase_order_tester.csproj", "{E86D38D6-83BC-4EDB-BEFC-498080F35257}"
	ProjectSection(ProjectDependencies) = postProject
		{464E6647-7B9E-4CD9-8C66-AD6E1F86D922} = {464E6647-7B9E-4CD9-8C66-AD6E1F86D922}
		{C4D1E796-D39A-44DD-AE40-339EF7A1E855} = {C4D1E796-D39A-44DD-AE40-339EF7A1E855}
	EndProjectSection
EndProject
Project("{9A19103F-16F7-4668-BE54-9A1E7A4F7556}") = "coinbase_connection", "..\coinbase_connection\coinbase_connection\coinbase_connection.csproj", "{C4D1E796-D39A-44DD-AE40-339EF7A1E855}"
EndProject
Project("{9A19103F-16F7-4668-BE54-9A1E7A4F7556}") = "coinbase_main", "..\coinbase_app\coinbase_main\coinbase_main.csproj", "{464E6647-7B9E-4CD9-8C66-AD6E1F86D922}"
EndProject
Global
	GlobalSection(SolutionConfigurationPlatforms) = preSolution
		Debug|Any CPU = Debug|Any CPU
		Release|Any CPU = Release|Any CPU
	EndGlobalSection
	GlobalSection(ProjectConfigurationPlatforms) = postSolution
		{E86D38D6-83BC-4EDB-BEFC-498080F35257}.Debug|Any CPU.ActiveCfg = Debug|Any CPU
		{E86D38D6-83BC-4EDB-BEFC-498080F35257}.Debug|Any CPU.Build.0 = Debug|Any CPU
		{E86D38D6-83BC-4EDB-BEFC-498080F35257}.Release|Any CPU.ActiveCfg = Release|Any CPU
		{E86D38D6-83BC-4EDB-BEFC-498080F35257}.Release|Any CPU.Build.0 = Release|Any CPU
		{C4D1E796-D39A-44DD-AE40-339EF7A1E855}.Debug|Any CPU.ActiveCfg = Debug|Any CPU
		{C4D1E796-D39A-44DD-AE40-339EF7A1E855}.Debug|Any CPU.Build.0 = Debug|Any CPU
		{C4D1E796-D39A-44DD-AE40-339EF7A1E855}.Release|Any CPU.ActiveCfg = Release|Any CPU
		{C4D1E796-D39A-44DD-AE40-339EF7A1E855}.Release|Any CPU.Build.0 = Release|Any CPU
		{464E6647-7B9E-4CD9-8C66-AD6E1F86D922}.Debug|Any CPU.ActiveCfg = Debug|Any CPU
		{464E6647-7B9E-4CD9-8C66-AD6E1F86D922}.Debug|Any CPU.Build.0 = Debug|Any CPU
		{464E6647-7B9E-4CD9-8C66-AD6E1F86D922}.Release|Any CPU.ActiveCfg = Release|Any CPU
		{464E6647-7B9E-4CD9-8C66-AD6E1F86D922}.Release|Any CPU.Build.0 = Release|Any CPU
	EndGlobalSection
	GlobalSection(SolutionProperties) = preSolution
		HideSolutionNode = FALSE
	EndGlobalSection
	GlobalSection(ExtensibilityGlobals) = postSolution
		SolutionGuid = {FDD77986-F609-4964-B2E4-0B4DB30135CA}
	EndGlobalSection
EndGlobal
