
Microsoft Visual Studio Solution File, Format Version 12.00
# Visual Studio Version 17
VisualStudioVersion = 17.9.34728.123
MinimumVisualStudioVersion = 10.0.40219.1
Project("{9A19103F-16F7-4668-BE54-9A1E7A4F7556}") = "coinbase_app", "coinbase_app\coinbase_app.csproj", "{087CD90E-F109-4357-B405-BFCA7FEDD332}"
	ProjectSection(ProjectDependencies) = postProject
		{3D269D12-A772-451B-B0B5-501ADE20DD75} = {3D269D12-A772-451B-B0B5-501ADE20DD75}
		{8245D1D0-CD1E-44D7-8E17-55983D8E4E64} = {8245D1D0-CD1E-44D7-8E17-55983D8E4E64}
		{B3FDFC16-2364-4032-A67D-6113F79A9825} = {B3FDFC16-2364-4032-A67D-6113F79A9825}
	EndProjectSection
EndProject
Project("{9A19103F-16F7-4668-BE54-9A1E7A4F7556}") = "coinbase_main", "coinbase_main\coinbase_main.csproj", "{8245D1D0-CD1E-44D7-8E17-55983D8E4E64}"
	ProjectSection(ProjectDependencies) = postProject
		{3D269D12-A772-451B-B0B5-501ADE20DD75} = {3D269D12-A772-451B-B0B5-501ADE20DD75}
		{B3FDFC16-2364-4032-A67D-6113F79A9825} = {B3FDFC16-2364-4032-A67D-6113F79A9825}
	EndProjectSection
EndProject
Project("{9A19103F-16F7-4668-BE54-9A1E7A4F7556}") = "coinbase_connection", "..\coinbase_connection\coinbase_connection\coinbase_connection.csproj", "{3D269D12-A772-451B-B0B5-501ADE20DD75}"
	ProjectSection(ProjectDependencies) = postProject
		{B3FDFC16-2364-4032-A67D-6113F79A9825} = {B3FDFC16-2364-4032-A67D-6113F79A9825}
	EndProjectSection
EndProject
Project("{FAE04EC0-301F-11D3-BF4B-00C04F79EFBC}") = "coinbase_utils", "..\coinbase_utils\coinbase_utils.csproj", "{B3FDFC16-2364-4032-A67D-6113F79A9825}"
EndProject
Global
	GlobalSection(SolutionConfigurationPlatforms) = preSolution
		Debug|Any CPU = Debug|Any CPU
		Release|Any CPU = Release|Any CPU
	EndGlobalSection
	GlobalSection(ProjectConfigurationPlatforms) = postSolution
		{087CD90E-F109-4357-B405-BFCA7FEDD332}.Debug|Any CPU.ActiveCfg = Debug|Any CPU
		{087CD90E-F109-4357-B405-BFCA7FEDD332}.Debug|Any CPU.Build.0 = Debug|Any CPU
		{087CD90E-F109-4357-B405-BFCA7FEDD332}.Release|Any CPU.ActiveCfg = Release|Any CPU
		{087CD90E-F109-4357-B405-BFCA7FEDD332}.Release|Any CPU.Build.0 = Release|Any CPU
		{8245D1D0-CD1E-44D7-8E17-55983D8E4E64}.Debug|Any CPU.ActiveCfg = Debug|Any CPU
		{8245D1D0-CD1E-44D7-8E17-55983D8E4E64}.Debug|Any CPU.Build.0 = Debug|Any CPU
		{8245D1D0-CD1E-44D7-8E17-55983D8E4E64}.Release|Any CPU.ActiveCfg = Release|Any CPU
		{8245D1D0-CD1E-44D7-8E17-55983D8E4E64}.Release|Any CPU.Build.0 = Release|Any CPU
		{3D269D12-A772-451B-B0B5-501ADE20DD75}.Debug|Any CPU.ActiveCfg = Debug|Any CPU
		{3D269D12-A772-451B-B0B5-501ADE20DD75}.Debug|Any CPU.Build.0 = Debug|Any CPU
		{3D269D12-A772-451B-B0B5-501ADE20DD75}.Release|Any CPU.ActiveCfg = Release|Any CPU
		{3D269D12-A772-451B-B0B5-501ADE20DD75}.Release|Any CPU.Build.0 = Release|Any CPU
		{B3FDFC16-2364-4032-A67D-6113F79A9825}.Debug|Any CPU.ActiveCfg = Debug|Any CPU
		{B3FDFC16-2364-4032-A67D-6113F79A9825}.Debug|Any CPU.Build.0 = Debug|Any CPU
		{B3FDFC16-2364-4032-A67D-6113F79A9825}.Release|Any CPU.ActiveCfg = Release|Any CPU
		{B3FDFC16-2364-4032-A67D-6113F79A9825}.Release|Any CPU.Build.0 = Release|Any CPU
	EndGlobalSection
	GlobalSection(SolutionProperties) = preSolution
		HideSolutionNode = FALSE
	EndGlobalSection
	GlobalSection(ExtensibilityGlobals) = postSolution
		SolutionGuid = {C05C319A-DA68-441A-B083-97F2DAAD63B8}
	EndGlobalSection
EndGlobal
