
Microsoft Visual Studio Solution File, Format Version 12.00
# Visual Studio Version 17
VisualStudioVersion = 17.9.34728.123
MinimumVisualStudioVersion = 10.0.40219.1
Project("{FAE04EC0-301F-11D3-BF4B-00C04F79EFBC}") = "coinbase_app", "coinbase_app\coinbase_app.csproj", "{CA727B69-2A9E-4B55-BDD8-6BB8E3A8E947}"
EndProject
Global
	GlobalSection(SolutionConfigurationPlatforms) = preSolution
		Debug|Any CPU = Debug|Any CPU
		Release|Any CPU = Release|Any CPU
	EndGlobalSection
	GlobalSection(ProjectConfigurationPlatforms) = postSolution
		{CA727B69-2A9E-4B55-BDD8-6BB8E3A8E947}.Debug|Any CPU.ActiveCfg = Debug|Any CPU
		{CA727B69-2A9E-4B55-BDD8-6BB8E3A8E947}.Debug|Any CPU.Build.0 = Debug|Any CPU
		{CA727B69-2A9E-4B55-BDD8-6BB8E3A8E947}.Release|Any CPU.ActiveCfg = Release|Any CPU
		{CA727B69-2A9E-4B55-BDD8-6BB8E3A8E947}.Release|Any CPU.Build.0 = Release|Any CPU
	EndGlobalSection
	GlobalSection(SolutionProperties) = preSolution
		HideSolutionNode = FALSE
	EndGlobalSection
	GlobalSection(ExtensibilityGlobals) = postSolution
		SolutionGuid = {D74BA29A-BD00-4954-A113-414C627CE90E}
	EndGlobalSection
EndGlobal
